PODS:
  - Flutter (1.0.0)
  - integration_test (0.0.1):
    - Flutter
  - open_wearables_health_sdk (0.0.10):
    - Flutter
    - OpenWearablesHealthSDK (~> 0.6.0)
  - OpenWearablesHealthSDK (0.6.0)

DEPENDENCIES:
  - Flutter (from `Flutter`)
  - integration_test (from `.symlinks/plugins/integration_test/ios`)
  - open_wearables_health_sdk (from `.symlinks/plugins/open_wearables_health_sdk/ios`)

SPEC REPOS:
  trunk:
    - OpenWearablesHealthSDK

EXTERNAL SOURCES:
  Flutter:
    :path: Flutter
  integration_test:
    :path: ".symlinks/plugins/integration_test/ios"
  open_wearables_health_sdk:
    :path: ".symlinks/plugins/open_wearables_health_sdk/ios"

SPEC CHECKSUMS:
  Flutter: cabc95a1d2626b1b06e7179b784ebcf0c0cde467
  integration_test: 4a889634ef21a45d28d50d622cf412dc6d9f586e
  open_wearables_health_sdk: 03e7de6ccf98a19bee3d3b166d70ce079170bfc1
  OpenWearablesHealthSDK: adf0f864cba78d8a2095384dfefb84abc100646a

PODFILE CHECKSUM: 60cab67f4dc96bdfae4c256ac14905e1caa2afc3

COCOAPODS: 1.16.2
