PODS:
  - Flutter (1.0.0)
  - integration_test (0.0.1):
    - Flutter
  - open_wearables_health_sdk (0.0.7):
    - Flutter
    - OpenWearablesHealthSDK (~> 0.4.0)
  - OpenWearablesHealthSDK (0.4.0)

DEPENDENCIES:
  - Flutter (from `Flutter`)
  - integration_test (from `.symlinks/plugins/integration_test/ios`)
  - open_wearables_health_sdk (from `.symlinks/plugins/open_wearables_health_sdk/ios`)
  - OpenWearablesHealthSDK (from `https://github.com/kmlpiekarz/open_wearables_ios_sdk.git`, tag `0.4.0`)

EXTERNAL SOURCES:
  Flutter:
    :path: Flutter
  integration_test:
    :path: ".symlinks/plugins/integration_test/ios"
  open_wearables_health_sdk:
    :path: ".symlinks/plugins/open_wearables_health_sdk/ios"
  OpenWearablesHealthSDK:
    :git: https://github.com/kmlpiekarz/open_wearables_ios_sdk.git
    :tag: 0.4.0

CHECKOUT OPTIONS:
  OpenWearablesHealthSDK:
    :git: https://github.com/kmlpiekarz/open_wearables_ios_sdk.git
    :tag: 0.4.0

SPEC CHECKSUMS:
  Flutter: e0871f40cf51350855a761d2e70bf5af5b9b5de7
  integration_test: 4a889634ef21a45d28d50d622cf412dc6d9f586e
  open_wearables_health_sdk: 4a0219a44cc911db70b87f6de9b92c88ccd2479a
  OpenWearablesHealthSDK: 0ed17b6c14979feb989c82e7131271bd366cd14a

PODFILE CHECKSUM: 4a62d31892649c3576592f73a131f3d58f64cfa6

COCOAPODS: 1.16.2
